
Microsoft Visual Studio Solution File, Format Version 12.00
# Visual Studio Version 17
VisualStudioVersion = 17.5.002.0
MinimumVisualStudioVersion = 10.0.40219.1
Project("{9A19103F-16F7-4668-BE54-9A1E7A4F7556}") = "WorkerWithWebapi", "WorkerWithWebapi.csproj", "{BB6064A7-3EDB-4C4C-92BE-4C9608977F6E}"
EndProject
Global
	GlobalSection(SolutionConfigurationPlatforms) = preSolution
		Debug|Any CPU = Debug|Any CPU
		Release|Any CPU = Release|Any CPU
	EndGlobalSection
	GlobalSection(ProjectConfigurationPlatforms) = postSolution
		{BB6064A7-3EDB-4C4C-92BE-4C9608977F6E}.Debug|Any CPU.ActiveCfg = Debug|Any CPU
		{BB6064A7-3EDB-4C4C-92BE-4C9608977F6E}.Debug|Any CPU.Build.0 = Debug|Any CPU
		{BB6064A7-3EDB-4C4C-92BE-4C9608977F6E}.Release|Any CPU.ActiveCfg = Release|Any CPU
		{BB6064A7-3EDB-4C4C-92BE-4C9608977F6E}.Release|Any CPU.Build.0 = Release|Any CPU
	EndGlobalSection
	GlobalSection(SolutionProperties) = preSolution
		HideSolutionNode = FALSE
	EndGlobalSection
	GlobalSection(ExtensibilityGlobals) = postSolution
		SolutionGuid = {3028212A-A3B2-41AB-A0F2-28B06E3FBCB1}
	EndGlobalSection
EndGlobal
